
Microsoft Visual Studio Solution File, Format Version 12.00
# Visual Studio Version 17
VisualStudioVersion = 17.2.32516.85
MinimumVisualStudioVersion = 10.0.40219.1
Project("{9A19103F-16F7-4668-BE54-9A1E7A4F7556}") = "time_management", "time_management\time_management.csproj", "{1A8245EA-ED6C-46F6-B8D2-0BE57EDDEEE4}"
EndProject
Project("{9A19103F-16F7-4668-BE54-9A1E7A4F7556}") = "action_speed", "action_speed\action_speed.csproj", "{69D2EB93-288E-4E79-ACCA-1C10832A3274}"
EndProject
Project("{9A19103F-16F7-4668-BE54-9A1E7A4F7556}") = "no_more_watering", "no_more_watering\no_more_watering.csproj", "{629CE7E3-55F0-4DDD-93A5-B004E430C7D4}"
EndProject
Project("{2150E333-8FDC-42A3-9474-1A3956D46DE8}") = "Solution Items", "Solution Items", "{4FC8D1D5-CFE9-4B8B-B1C8-D7D92D978E17}"
	ProjectSection(SolutionItems) = preProject
		.gitignore = .gitignore
		README.md = README.md
		solution.targets = solution.targets
		solution_private.targets = solution_private.targets
	EndProjectSection
EndProject
Project("{9A19103F-16F7-4668-BE54-9A1E7A4F7556}") = "continue_button", "continue_button\continue_button.csproj", "{D1875948-70FC-46FA-997E-1D4E99BD3A18}"
EndProject
Project("{9A19103F-16F7-4668-BE54-9A1E7A4F7556}") = "instant_text", "instant_text\instant_text.csproj", "{B7334E7D-E140-466B-82B7-10C71EC78C8B}"
EndProject
Project("{9A19103F-16F7-4668-BE54-9A1E7A4F7556}") = "speed_boost", "speed_boost\speed_boost.csproj", "{BE2C5567-C91B-4B8D-8A28-2BC7955F9C40}"
EndProject
Project("{9A19103F-16F7-4668-BE54-9A1E7A4F7556}") = "no_logo", "no_logo\no_logo.csproj", "{341C266D-6A71-422A-8C44-DEE9B749177B}"
EndProject
Project("{9A19103F-16F7-4668-BE54-9A1E7A4F7556}") = "testing", "testing\testing.csproj", "{9FD56FC5-A66C-4CD4-A47E-8F4B3D43F000}"
EndProject
Project("{9A19103F-16F7-4668-BE54-9A1E7A4F7556}") = "craft_speed", "craft_speed\craft_speed.csproj", "{301C5633-8E55-4E7C-9EBE-B8F3A7EC88E5}"
EndProject
Project("{9A19103F-16F7-4668-BE54-9A1E7A4F7556}") = "cash_for_trash", "cash_for_trash\cash_for_trash.csproj", "{D78A387A-C6FE-4994-A34C-0EA698FF8554}"
EndProject
Project("{9A19103F-16F7-4668-BE54-9A1E7A4F7556}") = "consolidated_crafting", "consolidated_crafting\consolidated_crafting.csproj", "{E335C0F7-7BB0-4305-A023-A162E6916443}"
EndProject
Project("{9A19103F-16F7-4668-BE54-9A1E7A4F7556}") = "stack_size", "stack_size\stack_size.csproj", "{E30EBD9B-F788-4122-A3D4-89A3E5A85223}"
EndProject
Project("{9A19103F-16F7-4668-BE54-9A1E7A4F7556}") = "free_rides", "free_rides\free_rides.csproj", "{4A9FCB02-A054-4DEC-BB64-EBD5C76CA54C}"
EndProject
Project("{9A19103F-16F7-4668-BE54-9A1E7A4F7556}") = "easy_animals", "easy_animals\easy_animals.csproj", "{70ABB685-286F-4E94-B04A-846ACE7EC5D2}"
EndProject
Project("{9A19103F-16F7-4668-BE54-9A1E7A4F7556}") = "always_open", "always_open\always_open.csproj", "{78D67C8B-F393-4014-BBD3-CF8551CD8C9D}"
EndProject
Project("{9A19103F-16F7-4668-BE54-9A1E7A4F7556}") = "designated_driver", "designated_driver\designated_driver.csproj", "{4726C502-6388-4A29-895F-895B4806B8EB}"
EndProject
Project("{9A19103F-16F7-4668-BE54-9A1E7A4F7556}") = "arborist", "arborist\arborist.csproj", "{F3144456-98B0-42D0-8DD3-104D3F9ABEB2}"
EndProject
Project("{9A19103F-16F7-4668-BE54-9A1E7A4F7556}") = "skill_reset", "skill_reset\skill_reset.csproj", "{ED882083-9A94-4BFF-A2A3-6EA71AC455CB}"
EndProject
Project("{9A19103F-16F7-4668-BE54-9A1E7A4F7556}") = "no_more_deadlines", "no_more_deadlines\no_more_deadlines.csproj", "{FA4EA265-AB70-4843-B554-CEDC00A7BEA2}"
EndProject
Project("{9A19103F-16F7-4668-BE54-9A1E7A4F7556}") = "craft_from_storage", "craft_from_storage\craft_from_storage.csproj", "{D95B25D9-B4AC-4191-81FF-662955258CEB}"
EndProject
Project("{9A19103F-16F7-4668-BE54-9A1E7A4F7556}") = "bulldozer", "bulldozer\bulldozer.csproj", "{CDCF9A49-0E3F-426A-91A9-DC8AC4DDB04A}"
EndProject
Project("{9A19103F-16F7-4668-BE54-9A1E7A4F7556}") = "no_more_keys", "no_more_keys\no_more_keys.csproj", "{057A2338-5B07-43CA-8E1E-0626C6728EEC}"
EndProject
Project("{9A19103F-16F7-4668-BE54-9A1E7A4F7556}") = "pickup_radius", "pickup_radius\pickup_radius.csproj", "{21B8D6C7-9A2B-4B76-9904-C45EBA7FB01A}"
EndProject
Project("{9A19103F-16F7-4668-BE54-9A1E7A4F7556}") = "green_man", "green_man\green_man.csproj", "{A70A480D-6632-418A-A8F1-1DD2EA2403C9}"
EndProject
Project("{9A19103F-16F7-4668-BE54-9A1E7A4F7556}") = "inventory_first", "inventory_first\inventory_first.csproj", "{BADB1F2C-3B7B-4B1B-A8DA-D9723B05C840}"
EndProject
Project("{9A19103F-16F7-4668-BE54-9A1E7A4F7556}") = "font_scaler", "font_scaler\font_scaler.csproj", "{421DD509-81C2-49A7-878E-C42AA9C9AAD0}"
EndProject
Project("{2150E333-8FDC-42A3-9474-1A3956D46DE8}") = "shared", "shared", "{A95BC468-1CCB-4576-9C81-B6DF50EF15E7}"
	ProjectSection(SolutionItems) = preProject
		shared\dd_utils.cs = shared\dd_utils.cs
	EndProjectSection
EndProject
Project("{9A19103F-16F7-4668-BE54-9A1E7A4F7556}") = "clingy_npcs", "clingy_npcs\clingy_npcs.csproj", "{64F2E453-26EC-4C4E-B3F4-335E5AE5FAC6}"
EndProject
Project("{9A19103F-16F7-4668-BE54-9A1E7A4F7556}") = "sound_manager", "sound_manager\sound_manager.csproj", "{1853D188-5B11-4514-B8D1-30C95F867349}"
EndProject
Project("{9A19103F-16F7-4668-BE54-9A1E7A4F7556}") = "self_portrait", "self_portrait\self_portrait.csproj", "{771B1AE0-4EB7-456A-829D-8130AA76BD71}"
EndProject
Project("{FAE04EC0-301F-11D3-BF4B-00C04F79EFBC}") = "meteors", "meteors\meteors.csproj", "{4800FF37-D0E8-489F-9D6E-6F272F2560CF}"
EndProject
Global
	GlobalSection(SolutionConfigurationPlatforms) = preSolution
		Debug|Any CPU = Debug|Any CPU
		Release|Any CPU = Release|Any CPU
	EndGlobalSection
	GlobalSection(ProjectConfigurationPlatforms) = postSolution
		{1A8245EA-ED6C-46F6-B8D2-0BE57EDDEEE4}.Debug|Any CPU.ActiveCfg = Debug|Any CPU
		{1A8245EA-ED6C-46F6-B8D2-0BE57EDDEEE4}.Debug|Any CPU.Build.0 = Debug|Any CPU
		{1A8245EA-ED6C-46F6-B8D2-0BE57EDDEEE4}.Release|Any CPU.ActiveCfg = Release|Any CPU
		{1A8245EA-ED6C-46F6-B8D2-0BE57EDDEEE4}.Release|Any CPU.Build.0 = Release|Any CPU
		{69D2EB93-288E-4E79-ACCA-1C10832A3274}.Debug|Any CPU.ActiveCfg = Debug|Any CPU
		{69D2EB93-288E-4E79-ACCA-1C10832A3274}.Debug|Any CPU.Build.0 = Debug|Any CPU
		{69D2EB93-288E-4E79-ACCA-1C10832A3274}.Release|Any CPU.ActiveCfg = Release|Any CPU
		{69D2EB93-288E-4E79-ACCA-1C10832A3274}.Release|Any CPU.Build.0 = Release|Any CPU
		{629CE7E3-55F0-4DDD-93A5-B004E430C7D4}.Debug|Any CPU.ActiveCfg = Debug|Any CPU
		{629CE7E3-55F0-4DDD-93A5-B004E430C7D4}.Debug|Any CPU.Build.0 = Debug|Any CPU
		{629CE7E3-55F0-4DDD-93A5-B004E430C7D4}.Release|Any CPU.ActiveCfg = Release|Any CPU
		{629CE7E3-55F0-4DDD-93A5-B004E430C7D4}.Release|Any CPU.Build.0 = Release|Any CPU
		{D1875948-70FC-46FA-997E-1D4E99BD3A18}.Debug|Any CPU.ActiveCfg = Debug|Any CPU
		{D1875948-70FC-46FA-997E-1D4E99BD3A18}.Debug|Any CPU.Build.0 = Debug|Any CPU
		{D1875948-70FC-46FA-997E-1D4E99BD3A18}.Release|Any CPU.ActiveCfg = Release|Any CPU
		{D1875948-70FC-46FA-997E-1D4E99BD3A18}.Release|Any CPU.Build.0 = Release|Any CPU
		{B7334E7D-E140-466B-82B7-10C71EC78C8B}.Debug|Any CPU.ActiveCfg = Debug|Any CPU
		{B7334E7D-E140-466B-82B7-10C71EC78C8B}.Debug|Any CPU.Build.0 = Debug|Any CPU
		{B7334E7D-E140-466B-82B7-10C71EC78C8B}.Release|Any CPU.ActiveCfg = Release|Any CPU
		{B7334E7D-E140-466B-82B7-10C71EC78C8B}.Release|Any CPU.Build.0 = Release|Any CPU
		{BE2C5567-C91B-4B8D-8A28-2BC7955F9C40}.Debug|Any CPU.ActiveCfg = Debug|Any CPU
		{BE2C5567-C91B-4B8D-8A28-2BC7955F9C40}.Debug|Any CPU.Build.0 = Debug|Any CPU
		{BE2C5567-C91B-4B8D-8A28-2BC7955F9C40}.Release|Any CPU.ActiveCfg = Release|Any CPU
		{BE2C5567-C91B-4B8D-8A28-2BC7955F9C40}.Release|Any CPU.Build.0 = Release|Any CPU
		{341C266D-6A71-422A-8C44-DEE9B749177B}.Debug|Any CPU.ActiveCfg = Debug|Any CPU
		{341C266D-6A71-422A-8C44-DEE9B749177B}.Debug|Any CPU.Build.0 = Debug|Any CPU
		{341C266D-6A71-422A-8C44-DEE9B749177B}.Release|Any CPU.ActiveCfg = Release|Any CPU
		{341C266D-6A71-422A-8C44-DEE9B749177B}.Release|Any CPU.Build.0 = Release|Any CPU
		{9FD56FC5-A66C-4CD4-A47E-8F4B3D43F000}.Debug|Any CPU.ActiveCfg = Debug|Any CPU
		{9FD56FC5-A66C-4CD4-A47E-8F4B3D43F000}.Debug|Any CPU.Build.0 = Debug|Any CPU
		{9FD56FC5-A66C-4CD4-A47E-8F4B3D43F000}.Release|Any CPU.ActiveCfg = Release|Any CPU
		{9FD56FC5-A66C-4CD4-A47E-8F4B3D43F000}.Release|Any CPU.Build.0 = Release|Any CPU
		{301C5633-8E55-4E7C-9EBE-B8F3A7EC88E5}.Debug|Any CPU.ActiveCfg = Debug|Any CPU
		{301C5633-8E55-4E7C-9EBE-B8F3A7EC88E5}.Debug|Any CPU.Build.0 = Debug|Any CPU
		{301C5633-8E55-4E7C-9EBE-B8F3A7EC88E5}.Release|Any CPU.ActiveCfg = Release|Any CPU
		{301C5633-8E55-4E7C-9EBE-B8F3A7EC88E5}.Release|Any CPU.Build.0 = Release|Any CPU
		{D78A387A-C6FE-4994-A34C-0EA698FF8554}.Debug|Any CPU.ActiveCfg = Debug|Any CPU
		{D78A387A-C6FE-4994-A34C-0EA698FF8554}.Debug|Any CPU.Build.0 = Debug|Any CPU
		{D78A387A-C6FE-4994-A34C-0EA698FF8554}.Release|Any CPU.ActiveCfg = Release|Any CPU
		{D78A387A-C6FE-4994-A34C-0EA698FF8554}.Release|Any CPU.Build.0 = Release|Any CPU
		{E335C0F7-7BB0-4305-A023-A162E6916443}.Debug|Any CPU.ActiveCfg = Debug|Any CPU
		{E335C0F7-7BB0-4305-A023-A162E6916443}.Debug|Any CPU.Build.0 = Debug|Any CPU
		{E335C0F7-7BB0-4305-A023-A162E6916443}.Release|Any CPU.ActiveCfg = Release|Any CPU
		{E335C0F7-7BB0-4305-A023-A162E6916443}.Release|Any CPU.Build.0 = Release|Any CPU
		{E30EBD9B-F788-4122-A3D4-89A3E5A85223}.Debug|Any CPU.ActiveCfg = Debug|Any CPU
		{E30EBD9B-F788-4122-A3D4-89A3E5A85223}.Debug|Any CPU.Build.0 = Debug|Any CPU
		{E30EBD9B-F788-4122-A3D4-89A3E5A85223}.Release|Any CPU.ActiveCfg = Release|Any CPU
		{E30EBD9B-F788-4122-A3D4-89A3E5A85223}.Release|Any CPU.Build.0 = Release|Any CPU
		{4A9FCB02-A054-4DEC-BB64-EBD5C76CA54C}.Debug|Any CPU.ActiveCfg = Debug|Any CPU
		{4A9FCB02-A054-4DEC-BB64-EBD5C76CA54C}.Debug|Any CPU.Build.0 = Debug|Any CPU
		{4A9FCB02-A054-4DEC-BB64-EBD5C76CA54C}.Release|Any CPU.ActiveCfg = Release|Any CPU
		{4A9FCB02-A054-4DEC-BB64-EBD5C76CA54C}.Release|Any CPU.Build.0 = Release|Any CPU
		{70ABB685-286F-4E94-B04A-846ACE7EC5D2}.Debug|Any CPU.ActiveCfg = Debug|Any CPU
		{70ABB685-286F-4E94-B04A-846ACE7EC5D2}.Debug|Any CPU.Build.0 = Debug|Any CPU
		{70ABB685-286F-4E94-B04A-846ACE7EC5D2}.Release|Any CPU.ActiveCfg = Release|Any CPU
		{70ABB685-286F-4E94-B04A-846ACE7EC5D2}.Release|Any CPU.Build.0 = Release|Any CPU
		{78D67C8B-F393-4014-BBD3-CF8551CD8C9D}.Debug|Any CPU.ActiveCfg = Debug|Any CPU
		{78D67C8B-F393-4014-BBD3-CF8551CD8C9D}.Debug|Any CPU.Build.0 = Debug|Any CPU
		{78D67C8B-F393-4014-BBD3-CF8551CD8C9D}.Release|Any CPU.ActiveCfg = Release|Any CPU
		{78D67C8B-F393-4014-BBD3-CF8551CD8C9D}.Release|Any CPU.Build.0 = Release|Any CPU
		{4726C502-6388-4A29-895F-895B4806B8EB}.Debug|Any CPU.ActiveCfg = Debug|Any CPU
		{4726C502-6388-4A29-895F-895B4806B8EB}.Debug|Any CPU.Build.0 = Debug|Any CPU
		{4726C502-6388-4A29-895F-895B4806B8EB}.Release|Any CPU.ActiveCfg = Release|Any CPU
		{4726C502-6388-4A29-895F-895B4806B8EB}.Release|Any CPU.Build.0 = Release|Any CPU
		{F3144456-98B0-42D0-8DD3-104D3F9ABEB2}.Debug|Any CPU.ActiveCfg = Debug|Any CPU
		{F3144456-98B0-42D0-8DD3-104D3F9ABEB2}.Debug|Any CPU.Build.0 = Debug|Any CPU
		{F3144456-98B0-42D0-8DD3-104D3F9ABEB2}.Release|Any CPU.ActiveCfg = Release|Any CPU
		{F3144456-98B0-42D0-8DD3-104D3F9ABEB2}.Release|Any CPU.Build.0 = Release|Any CPU
		{ED882083-9A94-4BFF-A2A3-6EA71AC455CB}.Debug|Any CPU.ActiveCfg = Debug|Any CPU
		{ED882083-9A94-4BFF-A2A3-6EA71AC455CB}.Debug|Any CPU.Build.0 = Debug|Any CPU
		{ED882083-9A94-4BFF-A2A3-6EA71AC455CB}.Release|Any CPU.ActiveCfg = Release|Any CPU
		{ED882083-9A94-4BFF-A2A3-6EA71AC455CB}.Release|Any CPU.Build.0 = Release|Any CPU
		{FA4EA265-AB70-4843-B554-CEDC00A7BEA2}.Debug|Any CPU.ActiveCfg = Debug|Any CPU
		{FA4EA265-AB70-4843-B554-CEDC00A7BEA2}.Debug|Any CPU.Build.0 = Debug|Any CPU
		{FA4EA265-AB70-4843-B554-CEDC00A7BEA2}.Release|Any CPU.ActiveCfg = Release|Any CPU
		{FA4EA265-AB70-4843-B554-CEDC00A7BEA2}.Release|Any CPU.Build.0 = Release|Any CPU
		{D95B25D9-B4AC-4191-81FF-662955258CEB}.Debug|Any CPU.ActiveCfg = Debug|Any CPU
		{D95B25D9-B4AC-4191-81FF-662955258CEB}.Debug|Any CPU.Build.0 = Debug|Any CPU
		{D95B25D9-B4AC-4191-81FF-662955258CEB}.Release|Any CPU.ActiveCfg = Release|Any CPU
		{D95B25D9-B4AC-4191-81FF-662955258CEB}.Release|Any CPU.Build.0 = Release|Any CPU
		{CDCF9A49-0E3F-426A-91A9-DC8AC4DDB04A}.Debug|Any CPU.ActiveCfg = Debug|Any CPU
		{CDCF9A49-0E3F-426A-91A9-DC8AC4DDB04A}.Debug|Any CPU.Build.0 = Debug|Any CPU
		{CDCF9A49-0E3F-426A-91A9-DC8AC4DDB04A}.Release|Any CPU.ActiveCfg = Release|Any CPU
		{CDCF9A49-0E3F-426A-91A9-DC8AC4DDB04A}.Release|Any CPU.Build.0 = Release|Any CPU
		{057A2338-5B07-43CA-8E1E-0626C6728EEC}.Debug|Any CPU.ActiveCfg = Debug|Any CPU
		{057A2338-5B07-43CA-8E1E-0626C6728EEC}.Debug|Any CPU.Build.0 = Debug|Any CPU
		{057A2338-5B07-43CA-8E1E-0626C6728EEC}.Release|Any CPU.ActiveCfg = Release|Any CPU
		{057A2338-5B07-43CA-8E1E-0626C6728EEC}.Release|Any CPU.Build.0 = Release|Any CPU
		{21B8D6C7-9A2B-4B76-9904-C45EBA7FB01A}.Debug|Any CPU.ActiveCfg = Debug|Any CPU
		{21B8D6C7-9A2B-4B76-9904-C45EBA7FB01A}.Debug|Any CPU.Build.0 = Debug|Any CPU
		{21B8D6C7-9A2B-4B76-9904-C45EBA7FB01A}.Release|Any CPU.ActiveCfg = Release|Any CPU
		{21B8D6C7-9A2B-4B76-9904-C45EBA7FB01A}.Release|Any CPU.Build.0 = Release|Any CPU
		{A70A480D-6632-418A-A8F1-1DD2EA2403C9}.Debug|Any CPU.ActiveCfg = Debug|Any CPU
		{A70A480D-6632-418A-A8F1-1DD2EA2403C9}.Debug|Any CPU.Build.0 = Debug|Any CPU
		{A70A480D-6632-418A-A8F1-1DD2EA2403C9}.Release|Any CPU.ActiveCfg = Release|Any CPU
		{A70A480D-6632-418A-A8F1-1DD2EA2403C9}.Release|Any CPU.Build.0 = Release|Any CPU
		{BADB1F2C-3B7B-4B1B-A8DA-D9723B05C840}.Debug|Any CPU.ActiveCfg = Debug|Any CPU
		{BADB1F2C-3B7B-4B1B-A8DA-D9723B05C840}.Debug|Any CPU.Build.0 = Debug|Any CPU
		{BADB1F2C-3B7B-4B1B-A8DA-D9723B05C840}.Release|Any CPU.ActiveCfg = Release|Any CPU
		{BADB1F2C-3B7B-4B1B-A8DA-D9723B05C840}.Release|Any CPU.Build.0 = Release|Any CPU
		{421DD509-81C2-49A7-878E-C42AA9C9AAD0}.Debug|Any CPU.ActiveCfg = Debug|Any CPU
		{421DD509-81C2-49A7-878E-C42AA9C9AAD0}.Debug|Any CPU.Build.0 = Debug|Any CPU
		{421DD509-81C2-49A7-878E-C42AA9C9AAD0}.Release|Any CPU.ActiveCfg = Release|Any CPU
		{421DD509-81C2-49A7-878E-C42AA9C9AAD0}.Release|Any CPU.Build.0 = Release|Any CPU
		{64F2E453-26EC-4C4E-B3F4-335E5AE5FAC6}.Debug|Any CPU.ActiveCfg = Debug|Any CPU
		{64F2E453-26EC-4C4E-B3F4-335E5AE5FAC6}.Debug|Any CPU.Build.0 = Debug|Any CPU
		{64F2E453-26EC-4C4E-B3F4-335E5AE5FAC6}.Release|Any CPU.ActiveCfg = Release|Any CPU
		{64F2E453-26EC-4C4E-B3F4-335E5AE5FAC6}.Release|Any CPU.Build.0 = Release|Any CPU
		{1853D188-5B11-4514-B8D1-30C95F867349}.Debug|Any CPU.ActiveCfg = Debug|Any CPU
		{1853D188-5B11-4514-B8D1-30C95F867349}.Debug|Any CPU.Build.0 = Debug|Any CPU
		{1853D188-5B11-4514-B8D1-30C95F867349}.Release|Any CPU.ActiveCfg = Release|Any CPU
		{1853D188-5B11-4514-B8D1-30C95F867349}.Release|Any CPU.Build.0 = Release|Any CPU
		{771B1AE0-4EB7-456A-829D-8130AA76BD71}.Debug|Any CPU.ActiveCfg = Debug|Any CPU
		{771B1AE0-4EB7-456A-829D-8130AA76BD71}.Debug|Any CPU.Build.0 = Debug|Any CPU
		{771B1AE0-4EB7-456A-829D-8130AA76BD71}.Release|Any CPU.ActiveCfg = Release|Any CPU
		{771B1AE0-4EB7-456A-829D-8130AA76BD71}.Release|Any CPU.Build.0 = Release|Any CPU
		{4800FF37-D0E8-489F-9D6E-6F272F2560CF}.Debug|Any CPU.ActiveCfg = Debug|Any CPU
		{4800FF37-D0E8-489F-9D6E-6F272F2560CF}.Debug|Any CPU.Build.0 = Debug|Any CPU
		{4800FF37-D0E8-489F-9D6E-6F272F2560CF}.Release|Any CPU.ActiveCfg = Release|Any CPU
		{4800FF37-D0E8-489F-9D6E-6F272F2560CF}.Release|Any CPU.Build.0 = Release|Any CPU
	EndGlobalSection
	GlobalSection(SolutionProperties) = preSolution
		HideSolutionNode = FALSE
	EndGlobalSection
	GlobalSection(ExtensibilityGlobals) = postSolution
		SolutionGuid = {D77BA37B-C185-47DA-86F9-9AB7A429378B}
	EndGlobalSection
EndGlobal
