
Microsoft Visual Studio Solution File, Format Version 12.00
# Visual Studio Version 17
VisualStudioVersion = 17.2.32516.85
MinimumVisualStudioVersion = 10.0.40219.1
Project("{FAE04EC0-301F-11D3-BF4B-00C04F79EFBC}") = "skill_reset", "skill_reset\skill_reset.csproj", "{C02752A4-076A-4A11-9DFE-109FDA154B7C}"
EndProject
Project("{FAE04EC0-301F-11D3-BF4B-00C04F79EFBC}") = "designated_driver", "designated_driver\designated_driver.csproj", "{C02752A4-076A-4A11-9DFE-109FDA154B7B}"
EndProject
Project("{FAE04EC0-301F-11D3-BF4B-00C04F79EFBC}") = "no_more_watering", "no_more_watering\no_more_watering.csproj", "{C02752A4-076A-4A11-9DFE-109FDA154B7A}"
EndProject
Project("{FAE04EC0-301F-11D3-BF4B-00C04F79EFBC}") = "debugging", "debugging\debugging.csproj", "{C02752A4-076A-4A11-9DFE-109FDA154B79}"
EndProject
Project("{FAE04EC0-301F-11D3-BF4B-00C04F79EFBC}") = "always_open", "always_open\always_open.csproj", "{C02752A4-076A-4A11-9DFE-109FDA154B78}"
EndProject
Project("{FAE04EC0-301F-11D3-BF4B-00C04F79EFBC}") = "continue_button", "continue_button\continue_button.csproj", "{C02752A4-076A-4A11-9DFE-109FDA154B77}"
EndProject
Project("{FAE04EC0-301F-11D3-BF4B-00C04F79EFBC}") = "easy_fishing", "easy_fishing\easy_fishing.csproj", "{C02752A4-076A-4A11-9DFE-109FDA154B68}"
EndProject
Project("{FAE04EC0-301F-11D3-BF4B-00C04F79EFBC}") = "no_more_keys", "no_more_keys\no_more_keys.csproj", "{75EFC0E0-3DA9-47B8-8D3E-8F95C62C4C61}"
EndProject
Project("{FAE04EC0-301F-11D3-BF4B-00C04F79EFBC}") = "free_rides", "free_rides\free_rides.csproj", "{051CD2C3-9413-494D-BCB9-0A45BAA1ADFB}"
EndProject
Project("{FAE04EC0-301F-11D3-BF4B-00C04F79EFBC}") = "cash_for_trash", "cash_for_trash\cash_for_trash.csproj", "{1DC0CE05-1BB3-40F2-BDD2-DEFEC88DACAD}"
EndProject
Project("{FAE04EC0-301F-11D3-BF4B-00C04F79EFBC}") = "time_management", "time_management\time_management.csproj", "{C02752A4-076A-4A11-9DFE-109FDA154B7D}"
EndProject
Project("{FAE04EC0-301F-11D3-BF4B-00C04F79EFBC}") = "stack_size", "stack_size\stack_size.csproj", "{329C70FA-2366-4C41-ACDD-8C42BB6F784E}"
EndProject
Project("{FAE04EC0-301F-11D3-BF4B-00C04F79EFBC}") = "instant_text", "instant_text\instant_text.csproj", "{DD798534-4ABB-4652-9965-2E8DC9E2370F}"
EndProject
Project("{FAE04EC0-301F-11D3-BF4B-00C04F79EFBC}") = "speed_boost", "movement_speed\speed_boost.csproj", "{D3C95E49-C9DA-4F8D-933E-669376F2E9D3}"
EndProject
Project("{FAE04EC0-301F-11D3-BF4B-00C04F79EFBC}") = "pickup_radius", "pickup_radius\pickup_radius.csproj", "{B9F5DCD2-B2B2-4AD1-9E83-BB9AFBCA68F1}"
EndProject
Project("{FAE04EC0-301F-11D3-BF4B-00C04F79EFBC}") = "action_speed", "action_speed\action_speed.csproj", "{95872C88-DF15-43D1-A84D-457768332399}"
EndProject
Project("{FAE04EC0-301F-11D3-BF4B-00C04F79EFBC}") = "craft_speed", "craft_speed\craft_speed.csproj", "{4263458B-1406-493F-9B6F-B55BF9388CC1}"
EndProject
Project("{FAE04EC0-301F-11D3-BF4B-00C04F79EFBC}") = "craft_from_storage", "craft_from_storage\craft_from_storage.csproj", "{664A6420-D6FA-4912-AD51-20001886F81E}"
EndProject
Global
	GlobalSection(SolutionConfigurationPlatforms) = preSolution
		Debug|Any CPU = Debug|Any CPU
		Release|Any CPU = Release|Any CPU
	EndGlobalSection
	GlobalSection(ProjectConfigurationPlatforms) = postSolution
		{C02752A4-076A-4A11-9DFE-109FDA154B7C}.Debug|Any CPU.ActiveCfg = Debug|Any CPU
		{C02752A4-076A-4A11-9DFE-109FDA154B7C}.Debug|Any CPU.Build.0 = Debug|Any CPU
		{C02752A4-076A-4A11-9DFE-109FDA154B7C}.Release|Any CPU.ActiveCfg = Release|Any CPU
		{C02752A4-076A-4A11-9DFE-109FDA154B7C}.Release|Any CPU.Build.0 = Release|Any CPU
		{C02752A4-076A-4A11-9DFE-109FDA154B7B}.Debug|Any CPU.ActiveCfg = Debug|Any CPU
		{C02752A4-076A-4A11-9DFE-109FDA154B7B}.Debug|Any CPU.Build.0 = Debug|Any CPU
		{C02752A4-076A-4A11-9DFE-109FDA154B7B}.Release|Any CPU.ActiveCfg = Release|Any CPU
		{C02752A4-076A-4A11-9DFE-109FDA154B7B}.Release|Any CPU.Build.0 = Release|Any CPU
		{C02752A4-076A-4A11-9DFE-109FDA154B7A}.Debug|Any CPU.ActiveCfg = Debug|Any CPU
		{C02752A4-076A-4A11-9DFE-109FDA154B7A}.Debug|Any CPU.Build.0 = Debug|Any CPU
		{C02752A4-076A-4A11-9DFE-109FDA154B7A}.Release|Any CPU.ActiveCfg = Release|Any CPU
		{C02752A4-076A-4A11-9DFE-109FDA154B7A}.Release|Any CPU.Build.0 = Release|Any CPU
		{C02752A4-076A-4A11-9DFE-109FDA154B79}.Debug|Any CPU.ActiveCfg = Debug|Any CPU
		{C02752A4-076A-4A11-9DFE-109FDA154B79}.Debug|Any CPU.Build.0 = Debug|Any CPU
		{C02752A4-076A-4A11-9DFE-109FDA154B79}.Release|Any CPU.ActiveCfg = Release|Any CPU
		{C02752A4-076A-4A11-9DFE-109FDA154B79}.Release|Any CPU.Build.0 = Release|Any CPU
		{C02752A4-076A-4A11-9DFE-109FDA154B78}.Debug|Any CPU.ActiveCfg = Debug|Any CPU
		{C02752A4-076A-4A11-9DFE-109FDA154B78}.Debug|Any CPU.Build.0 = Debug|Any CPU
		{C02752A4-076A-4A11-9DFE-109FDA154B78}.Release|Any CPU.ActiveCfg = Release|Any CPU
		{C02752A4-076A-4A11-9DFE-109FDA154B78}.Release|Any CPU.Build.0 = Release|Any CPU
		{C02752A4-076A-4A11-9DFE-109FDA154B77}.Debug|Any CPU.ActiveCfg = Debug|Any CPU
		{C02752A4-076A-4A11-9DFE-109FDA154B77}.Debug|Any CPU.Build.0 = Debug|Any CPU
		{C02752A4-076A-4A11-9DFE-109FDA154B77}.Release|Any CPU.ActiveCfg = Release|Any CPU
		{C02752A4-076A-4A11-9DFE-109FDA154B77}.Release|Any CPU.Build.0 = Release|Any CPU
		{C02752A4-076A-4A11-9DFE-109FDA154B68}.Debug|Any CPU.ActiveCfg = Debug|Any CPU
		{C02752A4-076A-4A11-9DFE-109FDA154B68}.Debug|Any CPU.Build.0 = Debug|Any CPU
		{C02752A4-076A-4A11-9DFE-109FDA154B68}.Release|Any CPU.ActiveCfg = Release|Any CPU
		{C02752A4-076A-4A11-9DFE-109FDA154B68}.Release|Any CPU.Build.0 = Release|Any CPU
		{75EFC0E0-3DA9-47B8-8D3E-8F95C62C4C61}.Debug|Any CPU.ActiveCfg = Debug|Any CPU
		{75EFC0E0-3DA9-47B8-8D3E-8F95C62C4C61}.Debug|Any CPU.Build.0 = Debug|Any CPU
		{75EFC0E0-3DA9-47B8-8D3E-8F95C62C4C61}.Release|Any CPU.ActiveCfg = Release|Any CPU
		{75EFC0E0-3DA9-47B8-8D3E-8F95C62C4C61}.Release|Any CPU.Build.0 = Release|Any CPU
		{051CD2C3-9413-494D-BCB9-0A45BAA1ADFB}.Debug|Any CPU.ActiveCfg = Debug|Any CPU
		{051CD2C3-9413-494D-BCB9-0A45BAA1ADFB}.Debug|Any CPU.Build.0 = Debug|Any CPU
		{051CD2C3-9413-494D-BCB9-0A45BAA1ADFB}.Release|Any CPU.ActiveCfg = Release|Any CPU
		{051CD2C3-9413-494D-BCB9-0A45BAA1ADFB}.Release|Any CPU.Build.0 = Release|Any CPU
		{1DC0CE05-1BB3-40F2-BDD2-DEFEC88DACAD}.Debug|Any CPU.ActiveCfg = Debug|Any CPU
		{1DC0CE05-1BB3-40F2-BDD2-DEFEC88DACAD}.Debug|Any CPU.Build.0 = Debug|Any CPU
		{1DC0CE05-1BB3-40F2-BDD2-DEFEC88DACAD}.Release|Any CPU.ActiveCfg = Release|Any CPU
		{1DC0CE05-1BB3-40F2-BDD2-DEFEC88DACAD}.Release|Any CPU.Build.0 = Release|Any CPU
		{C02752A4-076A-4A11-9DFE-109FDA154B7D}.Debug|Any CPU.ActiveCfg = Debug|Any CPU
		{C02752A4-076A-4A11-9DFE-109FDA154B7D}.Debug|Any CPU.Build.0 = Debug|Any CPU
		{C02752A4-076A-4A11-9DFE-109FDA154B7D}.Release|Any CPU.ActiveCfg = Release|Any CPU
		{C02752A4-076A-4A11-9DFE-109FDA154B7D}.Release|Any CPU.Build.0 = Release|Any CPU
		{329C70FA-2366-4C41-ACDD-8C42BB6F784E}.Debug|Any CPU.ActiveCfg = Debug|Any CPU
		{329C70FA-2366-4C41-ACDD-8C42BB6F784E}.Debug|Any CPU.Build.0 = Debug|Any CPU
		{329C70FA-2366-4C41-ACDD-8C42BB6F784E}.Release|Any CPU.ActiveCfg = Release|Any CPU
		{329C70FA-2366-4C41-ACDD-8C42BB6F784E}.Release|Any CPU.Build.0 = Release|Any CPU
		{DD798534-4ABB-4652-9965-2E8DC9E2370F}.Debug|Any CPU.ActiveCfg = Debug|Any CPU
		{DD798534-4ABB-4652-9965-2E8DC9E2370F}.Debug|Any CPU.Build.0 = Debug|Any CPU
		{DD798534-4ABB-4652-9965-2E8DC9E2370F}.Release|Any CPU.ActiveCfg = Release|Any CPU
		{DD798534-4ABB-4652-9965-2E8DC9E2370F}.Release|Any CPU.Build.0 = Release|Any CPU
		{D3C95E49-C9DA-4F8D-933E-669376F2E9D3}.Debug|Any CPU.ActiveCfg = Debug|Any CPU
		{D3C95E49-C9DA-4F8D-933E-669376F2E9D3}.Debug|Any CPU.Build.0 = Debug|Any CPU
		{D3C95E49-C9DA-4F8D-933E-669376F2E9D3}.Release|Any CPU.ActiveCfg = Release|Any CPU
		{D3C95E49-C9DA-4F8D-933E-669376F2E9D3}.Release|Any CPU.Build.0 = Release|Any CPU
		{B9F5DCD2-B2B2-4AD1-9E83-BB9AFBCA68F1}.Debug|Any CPU.ActiveCfg = Debug|Any CPU
		{B9F5DCD2-B2B2-4AD1-9E83-BB9AFBCA68F1}.Debug|Any CPU.Build.0 = Debug|Any CPU
		{B9F5DCD2-B2B2-4AD1-9E83-BB9AFBCA68F1}.Release|Any CPU.ActiveCfg = Release|Any CPU
		{B9F5DCD2-B2B2-4AD1-9E83-BB9AFBCA68F1}.Release|Any CPU.Build.0 = Release|Any CPU
		{95872C88-DF15-43D1-A84D-457768332399}.Debug|Any CPU.ActiveCfg = Debug|Any CPU
		{95872C88-DF15-43D1-A84D-457768332399}.Debug|Any CPU.Build.0 = Debug|Any CPU
		{95872C88-DF15-43D1-A84D-457768332399}.Release|Any CPU.ActiveCfg = Release|Any CPU
		{95872C88-DF15-43D1-A84D-457768332399}.Release|Any CPU.Build.0 = Release|Any CPU
		{4263458B-1406-493F-9B6F-B55BF9388CC1}.Debug|Any CPU.ActiveCfg = Debug|Any CPU
		{4263458B-1406-493F-9B6F-B55BF9388CC1}.Debug|Any CPU.Build.0 = Debug|Any CPU
		{4263458B-1406-493F-9B6F-B55BF9388CC1}.Release|Any CPU.ActiveCfg = Release|Any CPU
		{4263458B-1406-493F-9B6F-B55BF9388CC1}.Release|Any CPU.Build.0 = Release|Any CPU
		{664A6420-D6FA-4912-AD51-20001886F81E}.Debug|Any CPU.ActiveCfg = Debug|Any CPU
		{664A6420-D6FA-4912-AD51-20001886F81E}.Debug|Any CPU.Build.0 = Debug|Any CPU
		{664A6420-D6FA-4912-AD51-20001886F81E}.Release|Any CPU.ActiveCfg = Release|Any CPU
		{664A6420-D6FA-4912-AD51-20001886F81E}.Release|Any CPU.Build.0 = Release|Any CPU
	EndGlobalSection
	GlobalSection(SolutionProperties) = preSolution
		HideSolutionNode = FALSE
	EndGlobalSection
	GlobalSection(ExtensibilityGlobals) = postSolution
		SolutionGuid = {D77BA37B-C185-47DA-86F9-9AB7A429378B}
	EndGlobalSection
EndGlobal
